// !$*UTF8*$!
{
	archiveVersion = 1;
	classes = {
	};
	objectVersion = 46;
	objects = {

/* Begin PBXBuildFile section */
		BE0952521B03913100C41310 /* main.m in Sources */ = {isa = PBXBuildFile; fileRef = BE0952511B03913100C41310 /* main.m */; };
		BE0952551B03913100C41310 /* AppDelegate.m in Sources */ = {isa = PBXBuildFile; fileRef = BE0952541B03913100C41310 /* AppDelegate.m */; };
		BE0952581B03913100C41310 /* ViewController.m in Sources */ = {isa = PBXBuildFile; fileRef = BE0952571B03913100C41310 /* ViewController.m */; };
		BE09525B1B03913100C41310 /* Main.storyboard in Resources */ = {isa = PBXBuildFile; fileRef = BE0952591B03913100C41310 /* Main.storyboard */; };
		BE09525D1B03913100C41310 /* Images.xcassets in Resources */ = {isa = PBXBuildFile; fileRef = BE09525C1B03913100C41310 /* Images.xcassets */; };
		BE0952601B03913100C41310 /* LaunchScreen.xib in Resources */ = {isa = PBXBuildFile; fileRef = BE09525E1B03913100C41310 /* LaunchScreen.xib */; };
		BE09526C1B03913200C41310 /* ImageCropperTests.m in Sources */ = {isa = PBXBuildFile; fileRef = BE09526B1B03913200C41310 /* ImageCropperTests.m */; };
/* End PBXBuildFile section */

/* Begin PBXContainerItemProxy section */
		BE0952661B03913200C41310 /* PBXContainerItemProxy */ = {
			isa = PBXContainerItemProxy;
			containerPortal = BE0952441B03913100C41310 /* Project object */;
			proxyType = 1;
			remoteGlobalIDString = BE09524B1B03913100C41310;
			remoteInfo = ImageCropper;
		};
/* End PBXContainerItemProxy section */

/* Begin PBXFileReference section */
		BE09524C1B03913100C41310 /* ImageCropper.app */ = {isa = PBXFileReference; explicitFileType = wrapper.application; includeInIndex = 0; path = ImageCropper.app; sourceTree = BUILT_PRODUCTS_DIR; };
		BE0952501B03913100C41310 /* Info.plist */ = {isa = PBXFileReference; lastKnownFileType = text.plist.xml; path = Info.plist; sourceTree = "<group>"; };
		BE0952511B03913100C41310 /* main.m */ = {isa = PBXFileReference; lastKnownFileType = sourcecode.c.objc; path = main.m; sourceTree = "<group>"; };
		BE0952531B03913100C41310 /* AppDelegate.h */ = {isa = PBXFileReference; lastKnownFileType = sourcecode.c.h; path = AppDelegate.h; sourceTree = "<group>"; };
		BE0952541B03913100C41310 /* AppDelegate.m */ = {isa = PBXFileReference; lastKnownFileType = sourcecode.c.objc; path = AppDelegate.m; sourceTree = "<group>"; };
		BE0952561B03913100C41310 /* ViewController.h */ = {isa = PBXFileReference; lastKnownFileType = sourcecode.c.h; path = ViewController.h; sourceTree = "<group>"; };
		BE0952571B03913100C41310 /* ViewController.m */ = {isa = PBXFileReference; lastKnownFileType = sourcecode.c.objc; path = ViewController.m; sourceTree = "<group>"; };
		BE09525A1B03913100C41310 /* Base */ = {isa = PBXFileReference; lastKnownFileType = file.storyboard; name = Base; path = Base.lproj/Main.storyboard; sourceTree = "<group>"; };
		BE09525C1B03913100C41310 /* Images.xcassets */ = {isa = PBXFileReference; lastKnownFileType = folder.assetcatalog; path = Images.xcassets; sourceTree = "<group>"; };
		BE09525F1B03913100C41310 /* Base */ = {isa = PBXFileReference; lastKnownFileType = file.xib; name = Base; path = Base.lproj/LaunchScreen.xib; sourceTree = "<group>"; };
		BE0952651B03913200C41310 /* ImageCropperTests.xctest */ = {isa = PBXFileReference; explicitFileType = wrapper.cfbundle; includeInIndex = 0; path = ImageCropperTests.xctest; sourceTree = BUILT_PRODUCTS_DIR; };
		BE09526A1B03913200C41310 /* Info.plist */ = {isa = PBXFileReference; lastKnownFileType = text.plist.xml; path = Info.plist; sourceTree = "<group>"; };
		BE09526B1B03913200C41310 /* ImageCropperTests.m */ = {isa = PBXFileReference; lastKnownFileType = sourcecode.c.objc; path = ImageCropperTests.m; sourceTree = "<group>"; };
/* End PBXFileReference section */

/* Begin PBXFrameworksBuildPhase section */
		BE0952491B03913100C41310 /* Frameworks */ = {
			isa = PBXFrameworksBuildPhase;
			buildActionMask = 2147483647;
			files = (
			);
			runOnlyForDeploymentPostprocessing = 0;
		};
		BE0952621B03913200C41310 /* Frameworks */ = {
			isa = PBXFrameworksBuildPhase;
			buildActionMask = 2147483647;
			files = (
			);
			runOnlyForDeploymentPostprocessing = 0;
		};
/* End PBXFrameworksBuildPhase section */

/* Begin PBXGroup section */
		BE0952431B03913100C41310 = {
			isa = PBXGroup;
			children = (
				BE09524E1B03913100C41310 /* ImageCropper */,
				BE0952681B03913200C41310 /* ImageCropperTests */,
				BE09524D1B03913100C41310 /* Products */,
			);
			sourceTree = "<group>";
		};
		BE09524D1B03913100C41310 /* Products */ = {
			isa = PBXGroup;
			children = (
				BE09524C1B03913100C41310 /* ImageCropper.app */,
				BE0952651B03913200C41310 /* ImageCropperTests.xctest */,
			);
			name = Products;
			sourceTree = "<group>";
		};
		BE09524E1B03913100C41310 /* ImageCropper */ = {
			isa = PBXGroup;
			children = (
				BE0952531B03913100C41310 /* AppDelegate.h */,
				BE0952541B03913100C41310 /* AppDelegate.m */,
				BE0952561B03913100C41310 /* ViewController.h */,
				BE0952571B03913100C41310 /* ViewController.m */,
				BE0952591B03913100C41310 /* Main.storyboard */,
				BE09525C1B03913100C41310 /* Images.xcassets */,
				BE09525E1B03913100C41310 /* LaunchScreen.xib */,
				BE09524F1B03913100C41310 /* Supporting Files */,
			);
			path = ImageCropper;
			sourceTree = "<group>";
		};
		BE09524F1B03913100C41310 /* Supporting Files */ = {
			isa = PBXGroup;
			children = (
				BE0952501B03913100C41310 /* Info.plist */,
				BE0952511B03913100C41310 /* main.m */,
			);
			name = "Supporting Files";
			sourceTree = "<group>";
		};
		BE0952681B03913200C41310 /* ImageCropperTests */ = {
			isa = PBXGroup;
			children = (
				BE09526B1B03913200C41310 /* ImageCropperTests.m */,
				BE0952691B03913200C41310 /* Supporting Files */,
			);
			path = ImageCropperTests;
			sourceTree = "<group>";
		};
		BE0952691B03913200C41310 /* Supporting Files */ = {
			isa = PBXGroup;
			children = (
				BE09526A1B03913200C41310 /* Info.plist */,
			);
			name = "Supporting Files";
			sourceTree = "<group>";
		};
/* End PBXGroup section */

/* Begin PBXNativeTarget section */
		BE09524B1B03913100C41310 /* ImageCropper */ = {
			isa = PBXNativeTarget;
			buildConfigurationList = BE09526F1B03913200C41310 /* Build configuration list for PBXNativeTarget "ImageCropper" */;
			buildPhases = (
				BE0952481B03913100C41310 /* Sources */,
				BE0952491B03913100C41310 /* Frameworks */,
				BE09524A1B03913100C41310 /* Resources */,
			);
			buildRules = (
			);
			dependencies = (
			);
			name = ImageCropper;
			productName = ImageCropper;
			productReference = BE09524C1B03913100C41310 /* ImageCropper.app */;
			productType = "com.apple.product-type.application";
		};
		BE0952641B03913200C41310 /* ImageCropperTests */ = {
			isa = PBXNativeTarget;
			buildConfigurationList = BE0952721B03913200C41310 /* Build configuration list for PBXNativeTarget "ImageCropperTests" */;
			buildPhases = (
				BE0952611B03913200C41310 /* Sources */,
				BE0952621B03913200C41310 /* Frameworks */,
				BE0952631B03913200C41310 /* Resources */,
			);
			buildRules = (
			);
			dependencies = (
				BE0952671B03913200C41310 /* PBXTargetDependency */,
			);
			name = ImageCropperTests;
			productName = ImageCropperTests;
			productReference = BE0952651B03913200C41310 /* ImageCropperTests.xctest */;
			productType = "com.apple.product-type.bundle.unit-test";
		};
/* End PBXNativeTarget section */

/* Begin PBXProject section */
		BE0952441B03913100C41310 /* Project object */ = {
			isa = PBXProject;
			attributes = {
				LastUpgradeCheck = 0630;
				ORGANIZATIONNAME = Itelligrape;
				TargetAttributes = {
					BE09524B1B03913100C41310 = {
						CreatedOnToolsVersion = 6.3.1;
					};
					BE0952641B03913200C41310 = {
						CreatedOnToolsVersion = 6.3.1;
						TestTargetID = BE09524B1B03913100C41310;
					};
				};
			};
			buildConfigurationList = BE0952471B03913100C41310 /* Build configuration list for PBXProject "ImageCropper" */;
			compatibilityVersion = "Xcode 3.2";
			developmentRegion = English;
			hasScannedForEncodings = 0;
			knownRegions = (
				en,
				Base,
			);
			mainGroup = BE0952431B03913100C41310;
			productRefGroup = BE09524D1B03913100C41310 /* Products */;
			projectDirPath = "";
			projectRoot = "";
			targets = (
				BE09524B1B03913100C41310 /* ImageCropper */,
				BE0952641B03913200C41310 /* ImageCropperTests */,
			);
		};
/* End PBXProject section */

/* Begin PBXResourcesBuildPhase section */
		BE09524A1B03913100C41310 /* Resources */ = {
			isa = PBXResourcesBuildPhase;
			buildActionMask = 2147483647;
			files = (
				BE09525B1B03913100C41310 /* Main.storyboard in Resources */,
				BE0952601B03913100C41310 /* LaunchScreen.xib in Resources */,
				BE09525D1B03913100C41310 /* Images.xcassets in Resources */,
			);
			runOnlyForDeploymentPostprocessing = 0;
		};
		BE0952631B03913200C41310 /* Resources */ = {
			isa = PBXResourcesBuildPhase;
			buildActionMask = 2147483647;
			files = (
			);
			runOnlyForDeploymentPostprocessing = 0;
		};
/* End PBXResourcesBuildPhase section */

/* Begin PBXSourcesBuildPhase section */
		BE0952481B03913100C41310 /* Sources */ = {
			isa = PBXSourcesBuildPhase;
			buildActionMask = 2147483647;
			files = (
				BE0952581B03913100C41310 /* ViewController.m in Sources */,
				BE0952551B03913100C41310 /* AppDelegate.m in Sources */,
				BE0952521B03913100C41310 /* main.m in Sources */,
			);
			runOnlyForDeploymentPostprocessing = 0;
		};
		BE0952611B03913200C41310 /* Sources */ = {
			isa = PBXSourcesBuildPhase;
			buildActionMask = 2147483647;
			files = (
				BE09526C1B03913200C41310 /* ImageCropperTests.m in Sources */,
			);
			runOnlyForDeploymentPostprocessing = 0;
		};
/* End PBXSourcesBuildPhase section */

/* Begin PBXTargetDependency section */
		BE0952671B03913200C41310 /* PBXTargetDependency */ = {
			isa = PBXTargetDependency;
			target = BE09524B1B03913100C41310 /* ImageCropper */;
			targetProxy = BE0952661B03913200C41310 /* PBXContainerItemProxy */;
		};
/* End PBXTargetDependency section */

/* Begin PBXVariantGroup section */
		BE0952591B03913100C41310 /* Main.storyboard */ = {
			isa = PBXVariantGroup;
			children = (
				BE09525A1B03913100C41310 /* Base */,
			);
			name = Main.storyboard;
			sourceTree = "<group>";
		};
		BE09525E1B03913100C41310 /* LaunchScreen.xib */ = {
			isa = PBXVariantGroup;
			children = (
				BE09525F1B03913100C41310 /* Base */,
			);
			name = LaunchScreen.xib;
			sourceTree = "<group>";
		};
/* End PBXVariantGroup section */

/* Begin XCBuildConfiguration section */
		BE09526D1B03913200C41310 /* Debug */ = {
			isa = XCBuildConfiguration;
			buildSettings = {
				ALWAYS_SEARCH_USER_PATHS = NO;
				CLANG_CXX_LANGUAGE_STANDARD = "gnu++0x";
				CLANG_CXX_LIBRARY = "libc++";
				CLANG_ENABLE_MODULES = YES;
				CLANG_ENABLE_OBJC_ARC = YES;
				CLANG_WARN_BOOL_CONVERSION = YES;
				CLANG_WARN_CONSTANT_CONVERSION = YES;
				CLANG_WARN_DIRECT_OBJC_ISA_USAGE = YES_ERROR;
				CLANG_WARN_EMPTY_BODY = YES;
				CLANG_WARN_ENUM_CONVERSION = YES;
				CLANG_WARN_INT_CONVERSION = YES;
				CLANG_WARN_OBJC_ROOT_CLASS = YES_ERROR;
				CLANG_WARN_UNREACHABLE_CODE = YES;
				CLANG_WARN__DUPLICATE_METHOD_MATCH = YES;
				"CODE_SIGN_IDENTITY[sdk=iphoneos*]" = "iPhone Developer";
				COPY_PHASE_STRIP = NO;
				DEBUG_INFORMATION_FORMAT = "dwarf-with-dsym";
				ENABLE_STRICT_OBJC_MSGSEND = YES;
				GCC_C_LANGUAGE_STANDARD = gnu99;
				GCC_DYNAMIC_NO_PIC = NO;
				GCC_NO_COMMON_BLOCKS = YES;
				GCC_OPTIMIZATION_LEVEL = 0;
				GCC_PREPROCESSOR_DEFINITIONS = (
					"DEBUG=1",
					"$(inherited)",
				);
				GCC_SYMBOLS_PRIVATE_EXTERN = NO;
				GCC_WARN_64_TO_32_BIT_CONVERSION = YES;
				GCC_WARN_ABOUT_RETURN_TYPE = YES_ERROR;
				GCC_WARN_UNDECLARED_SELECTOR = YES;
				GCC_WARN_UNINITIALIZED_AUTOS = YES_AGGRESSIVE;
				GCC_WARN_UNUSED_FUNCTION = YES;
				GCC_WARN_UNUSED_VARIABLE = YES;
				IPHONEOS_DEPLOYMENT_TARGET = 8.3;
				MTL_ENABLE_DEBUG_INFO = YES;
				ONLY_ACTIVE_ARCH = YES;
				SDKROOT = iphoneos;
			};
			name = Debug;
		};
		BE09526E1B03913200C41310 /* Release */ = {
			isa = XCBuildConfiguration;
			buildSettings = {
				ALWAYS_SEARCH_USER_PATHS = NO;
				CLANG_CXX_LANGUAGE_STANDARD = "gnu++0x";
				CLANG_CXX_LIBRARY = "libc++";
				CLANG_ENABLE_MODULES = YES;
				CLANG_ENABLE_OBJC_ARC = YES;
				CLANG_WARN_BOOL_CONVERSION = YES;
				CLANG_WARN_CONSTANT_CONVERSION = YES;
				CLANG_WARN_DIRECT_OBJC_ISA_USAGE = YES_ERROR;
				CLANG_WARN_EMPTY_BODY = YES;
				CLANG_WARN_ENUM_CONVERSION = YES;
				CLANG_WARN_INT_CONVERSION = YES;
				CLANG_WARN_OBJC_ROOT_CLASS = YES_ERROR;
				CLANG_WARN_UNREACHABLE_CODE = YES;
				CLANG_WARN__DUPLICATE_METHOD_MATCH = YES;
				"CODE_SIGN_IDENTITY[sdk=iphoneos*]" = "iPhone Developer";
				COPY_PHASE_STRIP = NO;
				DEBUG_INFORMATION_FORMAT = "dwarf-with-dsym";
				ENABLE_NS_ASSERTIONS = NO;
				ENABLE_STRICT_OBJC_MSGSEND = YES;
				GCC_C_LANGUAGE_STANDARD = gnu99;
				GCC_NO_COMMON_BLOCKS = YES;
				GCC_WARN_64_TO_32_BIT_CONVERSION = YES;
				GCC_WARN_ABOUT_RETURN_TYPE = YES_ERROR;
				GCC_WARN_UNDECLARED_SELECTOR = YES;
				GCC_WARN_UNINITIALIZED_AUTOS = YES_AGGRESSIVE;
				GCC_WARN_UNUSED_FUNCTION = YES;
				GCC_WARN_UNUSED_VARIABLE = YES;
				IPHONEOS_DEPLOYMENT_TARGET = 8.3;
				MTL_ENABLE_DEBUG_INFO = NO;
				SDKROOT = iphoneos;
				VALIDATE_PRODUCT = YES;
			};
			name = Release;
		};
		BE0952701B03913200C41310 /* Debug */ = {
			isa = XCBuildConfiguration;
			buildSettings = {
				ASSETCATALOG_COMPILER_APPICON_NAME = AppIcon;
				INFOPLIST_FILE = ImageCropper/Info.plist;
				LD_RUNPATH_SEARCH_PATHS = "$(inherited) @executable_path/Frameworks";
				PRODUCT_NAME = "$(TARGET_NAME)";
			};
			name = Debug;
		};
		BE0952711B03913200C41310 /* Release */ = {
			isa = XCBuildConfiguration;
			buildSettings = {
				ASSETCATALOG_COMPILER_APPICON_NAME = AppIcon;
				INFOPLIST_FILE = ImageCropper/Info.plist;
				LD_RUNPATH_SEARCH_PATHS = "$(inherited) @executable_path/Frameworks";
				PRODUCT_NAME = "$(TARGET_NAME)";
			};
			name = Release;
		};
		BE0952731B03913200C41310 /* Debug */ = {
			isa = XCBuildConfiguration;
			buildSettings = {
				BUNDLE_LOADER = "$(TEST_HOST)";
				FRAMEWORK_SEARCH_PATHS = (
					"$(SDKROOT)/Developer/Library/Frameworks",
					"$(inherited)",
				);
				GCC_PREPROCESSOR_DEFINITIONS = (
					"DEBUG=1",
					"$(inherited)",
				);
				INFOPLIST_FILE = ImageCropperTests/Info.plist;
				LD_RUNPATH_SEARCH_PATHS = "$(inherited) @executable_path/Frameworks @loader_path/Frameworks";
				PRODUCT_NAME = "$(TARGET_NAME)";
				TEST_HOST = "$(BUILT_PRODUCTS_DIR)/ImageCropper.app/ImageCropper";
			};
			name = Debug;
		};
		BE0952741B03913200C41310 /* Release */ = {
			isa = XCBuildConfiguration;
			buildSettings = {
				BUNDLE_LOADER = "$(TEST_HOST)";
				FRAMEWORK_SEARCH_PATHS = (
					"$(SDKROOT)/Developer/Library/Frameworks",
					"$(inherited)",
				);
				INFOPLIST_FILE = ImageCropperTests/Info.plist;
				LD_RUNPATH_SEARCH_PATHS = "$(inherited) @executable_path/Frameworks @loader_path/Frameworks";
				PRODUCT_NAME = "$(TARGET_NAME)";
				TEST_HOST = "$(BUILT_PRODUCTS_DIR)/ImageCropper.app/ImageCropper";
			};
			name = Release;
		};
/* End XCBuildConfiguration section */

/* Begin XCConfigurationList section */
		BE0952471B03913100C41310 /* Build configuration list for PBXProject "ImageCropper" */ = {
			isa = XCConfigurationList;
			buildConfigurations = (
				BE09526D1B03913200C41310 /* Debug */,
				BE09526E1B03913200C41310 /* Release */,
			);
			defaultConfigurationIsVisible = 0;
			defaultConfigurationName = Release;
		};
		BE09526F1B03913200C41310 /* Build configuration list for PBXNativeTarget "ImageCropper" */ = {
			isa = XCConfigurationList;
			buildConfigurations = (
				BE0952701B03913200C41310 /* Debug */,
				BE0952711B03913200C41310 /* Release */,
			);
			defaultConfigurationIsVisible = 0;
		};
		BE0952721B03913200C41310 /* Build configuration list for PBXNativeTarget "ImageCropperTests" */ = {
			isa = XCConfigurationList;
			buildConfigurations = (
				BE0952731B03913200C41310 /* Debug */,
				BE0952741B03913200C41310 /* Release */,
			);
			defaultConfigurationIsVisible = 0;
		};
/* End XCConfigurationList section */
	};
	rootObject = BE0952441B03913100C41310 /* Project object */;
}
